platform: linux
image_resource:
  type: registry-image
  source:
    repository: governmentdigitalservice/pay-concourse-runner
inputs:
  - name: pay-ci
  - name: lock-status
params:
  BUILD_TEAM:
  BUILD_PIPELINE:
  BUILD_JOB:
  BUILD_NAME:
run:
  path: "/bin/ash"
  args: ['pay-ci/ci/scripts/lock-pools/check-if-i-have-the-lock.sh']
